<?xml version="1.0" encoding="utf-8"?>
<Project ToolsVersion="4.0" xmlns="http://schemas.microsoft.com/developer/msbuild/2003">
  <ItemGroup>
    <Filter Include="Source Files">
      <UniqueIdentifier>{4FC737F1-C7A5-4376-A066-2A32D752A2FF}</UniqueIdentifier>
      <Extensions>cpp;c;cc;cxx;def;odl;idl;hpj;bat;asm;asmx</Extensions>
    </Filter>
    <Filter Include="Resource Files">
      <UniqueIdentifier>{67DA6AB6-F800-4c08-8B7A-83BB121AAD01}</UniqueIdentifier>
      <Extensions>rc;ico;cur;bmp;dlg;rc2;rct;bin;rgs;gif;jpg;jpeg;jpe;resx;tiff;tif;png;wav;mfcribbon-ms</Extensions>
    </Filter>
  </ItemGroup>
  <ItemGroup>
    <ClCompile Include="glad.c">
      <Filter>Source Files</Filter>
    </ClCompile>
    <ClCompile Include="main.cpp">
      <Filter>Source Files</Filter>
    </ClCompile>
    <ClCompile Include="diorama.cpp">
      <Filter>Source Files</Filter>
    </ClCompile>
    <ClCompile Include="assets.cpp">
      <Filter>Source Files</Filter>
    </ClCompile>
    <ClCompile Include="strutils.cpp">
      <Filter>Source Files</Filter>
    </ClCompile>
    <ClCompile Include="shader.cpp">
      <Filter>Source Files</Filter>
    </ClCompile>
    <ClCompile Include="variables.cpp">
      <Filter>Source Files</Filter>
    </ClCompile>
    <ClCompile Include="vertex_handler.cpp">
      <Filter>Source Files</Filter>
    </ClCompile>
    <ClCompile Include="gamemath.cpp">
      <Filter>Source Files</Filter>
    </ClCompile>
    <ClCompile Include="entity.cpp">
      <Filter>Source Files</Filter>
    </ClCompile>
    <ClCompile Include="logging.cpp">
      <Filter>Source Files</Filter>
    </ClCompile>
    <ClCompile Include="drawing.cpp">
      <Filter>Source Files</Filter>
    </ClCompile>
    <ClCompile Include="gametexture.cpp">
      <Filter>Source Files</Filter>
    </ClCompile>
  </ItemGroup>
  <ItemGroup>
    <ClInclude Include="main.h">
      <Filter>Source Files</Filter>
    </ClInclude>
    <ClInclude Include="assets.h">
      <Filter>Source Files</Filter>
    </ClInclude>
    <ClInclude Include="diorama.h">
      <Filter>Source Files</Filter>
    </ClInclude>
    <ClInclude Include="strutils.h">
      <Filter>Source Files</Filter>
    </ClInclude>
    <ClInclude Include="shader.h">
      <Filter>Source Files</Filter>
    </ClInclude>
    <ClInclude Include="variables.h">
      <Filter>Source Files</Filter>
    </ClInclude>
    <ClInclude Include="vertex_handler.h">
      <Filter>Source Files</Filter>
    </ClInclude>
    <ClInclude Include="gamemath.h">
      <Filter>Source Files</Filter>
    </ClInclude>
    <ClInclude Include="entity.h">
      <Filter>Source Files</Filter>
    </ClInclude>
    <ClInclude Include="logging.h">
      <Filter>Source Files</Filter>
    </ClInclude>
    <ClInclude Include="drawing.h">
      <Filter>Source Files</Filter>
    </ClInclude>
    <ClInclude Include="colors.h">
      <Filter>Source Files</Filter>
    </ClInclude>
    <ClInclude Include="gametexture.h">
      <Filter>Source Files</Filter>
    </ClInclude>
  </ItemGroup>
</Project>